// !$*UTF8*$!
{
	archiveVersion = 1;
	classes = {
	};
	objectVersion = 50;
	objects = {

/* Begin PBXBuildFile section */
		28FFB16725CA7F9700D7A97D /* AppDelegate.swift in Sources */ = {isa = PBXBuildFile; fileRef = 28FFB16625CA7F9700D7A97D /* AppDelegate.swift */; };
		28FFB16925CA7F9700D7A97D /* SceneDelegate.swift in Sources */ = {isa = PBXBuildFile; fileRef = 28FFB16825CA7F9700D7A97D /* SceneDelegate.swift */; };
		28FFB16B25CA7F9700D7A97D /* ViewController.swift in Sources */ = {isa = PBXBuildFile; fileRef = 28FFB16A25CA7F9700D7A97D /* ViewController.swift */; };
		28FFB16E25CA7F9800D7A97D /* Main.storyboard in Resources */ = {isa = PBXBuildFile; fileRef = 28FFB16C25CA7F9800D7A97D /* Main.storyboard */; };
		28FFB17025CA7F9B00D7A97D /* Assets.xcassets in Resources */ = {isa = PBXBuildFile; fileRef = 28FFB16F25CA7F9B00D7A97D /* Assets.xcassets */; };
		28FFB17325CA7F9B00D7A97D /* LaunchScreen.storyboard in Resources */ = {isa = PBXBuildFile; fileRef = 28FFB17125CA7F9B00D7A97D /* LaunchScreen.storyboard */; };
/* End PBXBuildFile section */

/* Begin PBXFileReference section */
		28FFB16325CA7F9700D7A97D /* Quiz_02(Re).app */ = {isa = PBXFileReference; explicitFileType = wrapper.application; includeInIndex = 0; path = "Quiz_02(Re).app"; sourceTree = BUILT_PRODUCTS_DIR; };
		28FFB16625CA7F9700D7A97D /* AppDelegate.swift */ = {isa = PBXFileReference; lastKnownFileType = sourcecode.swift; path = AppDelegate.swift; sourceTree = "<group>"; };
		28FFB16825CA7F9700D7A97D /* SceneDelegate.swift */ = {isa = PBXFileReference; lastKnownFileType = sourcecode.swift; path = SceneDelegate.swift; sourceTree = "<group>"; };
		28FFB16A25CA7F9700D7A97D /* ViewController.swift */ = {isa = PBXFileReference; lastKnownFileType = sourcecode.swift; path = ViewController.swift; sourceTree = "<group>"; };
		28FFB16D25CA7F9800D7A97D /* Base */ = {isa = PBXFileReference; lastKnownFileType = file.storyboard; name = Base; path = Base.lproj/Main.storyboard; sourceTree = "<group>"; };
		28FFB16F25CA7F9B00D7A97D /* Assets.xcassets */ = {isa = PBXFileReference; lastKnownFileType = folder.assetcatalog; path = Assets.xcassets; sourceTree = "<group>"; };
		28FFB17225CA7F9B00D7A97D /* Base */ = {isa = PBXFileReference; lastKnownFileType = file.storyboard; name = Base; path = Base.lproj/LaunchScreen.storyboard; sourceTree = "<group>"; };
		28FFB17425CA7F9C00D7A97D /* Info.plist */ = {isa = PBXFileReference; lastKnownFileType = text.plist.xml; path = Info.plist; sourceTree = "<group>"; };
/* End PBXFileReference section */

/* Begin PBXFrameworksBuildPhase section */
		28FFB16025CA7F9700D7A97D /* Frameworks */ = {
			isa = PBXFrameworksBuildPhase;
			buildActionMask = 2147483647;
			files = (
			);
			runOnlyForDeploymentPostprocessing = 0;
		};
/* End PBXFrameworksBuildPhase section */

/* Begin PBXGroup section */
		28FFB15A25CA7F9700D7A97D = {
			isa = PBXGroup;
			children = (
				28FFB16525CA7F9700D7A97D /* Quiz_02(Re) */,
				28FFB16425CA7F9700D7A97D /* Products */,
			);
			sourceTree = "<group>";
		};
		28FFB16425CA7F9700D7A97D /* Products */ = {
			isa = PBXGroup;
			children = (
				28FFB16325CA7F9700D7A97D /* Quiz_02(Re).app */,
			);
			name = Products;
			sourceTree = "<group>";
		};
		28FFB16525CA7F9700D7A97D /* Quiz_02(Re) */ = {
			isa = PBXGroup;
			children = (
				28FFB16625CA7F9700D7A97D /* AppDelegate.swift */,
				28FFB16825CA7F9700D7A97D /* SceneDelegate.swift */,
				28FFB16A25CA7F9700D7A97D /* ViewController.swift */,
				28FFB16C25CA7F9800D7A97D /* Main.storyboard */,
				28FFB16F25CA7F9B00D7A97D /* Assets.xcassets */,
				28FFB17125CA7F9B00D7A97D /* LaunchScreen.storyboard */,
				28FFB17425CA7F9C00D7A97D /* Info.plist */,
			);
			path = "Quiz_02(Re)";
			sourceTree = "<group>";
		};
/* End PBXGroup section */

/* Begin PBXNativeTarget section */
		28FFB16225CA7F9700D7A97D /* Quiz_02(Re) */ = {
			isa = PBXNativeTarget;
			buildConfigurationList = 28FFB17725CA7F9C00D7A97D /* Build configuration list for PBXNativeTarget "Quiz_02(Re)" */;
			buildPhases = (
				28FFB15F25CA7F9700D7A97D /* Sources */,
				28FFB16025CA7F9700D7A97D /* Frameworks */,
				28FFB16125CA7F9700D7A97D /* Resources */,
			);
			buildRules = (
			);
			dependencies = (
			);
			name = "Quiz_02(Re)";
			productName = "Quiz_02(Re)";
			productReference = 28FFB16325CA7F9700D7A97D /* Quiz_02(Re).app */;
			productType = "com.apple.product-type.application";
		};
/* End PBXNativeTarget section */

/* Begin PBXProject section */
		28FFB15B25CA7F9700D7A97D /* Project object */ = {
			isa = PBXProject;
			attributes = {
				LastSwiftUpdateCheck = 1240;
				LastUpgradeCheck = 1240;
				TargetAttributes = {
					28FFB16225CA7F9700D7A97D = {
						CreatedOnToolsVersion = 12.4;
					};
				};
			};
			buildConfigurationList = 28FFB15E25CA7F9700D7A97D /* Build configuration list for PBXProject "Quiz_02(Re)" */;
			compatibilityVersion = "Xcode 9.3";
			developmentRegion = en;
			hasScannedForEncodings = 0;
			knownRegions = (
				en,
				Base,
			);
			mainGroup = 28FFB15A25CA7F9700D7A97D;
			productRefGroup = 28FFB16425CA7F9700D7A97D /* Products */;
			projectDirPath = "";
			projectRoot = "";
			targets = (
				28FFB16225CA7F9700D7A97D /* Quiz_02(Re) */,
			);
		};
/* End PBXProject section */

/* Begin PBXResourcesBuildPhase section */
		28FFB16125CA7F9700D7A97D /* Resources */ = {
			isa = PBXResourcesBuildPhase;
			buildActionMask = 2147483647;
			files = (
				28FFB17325CA7F9B00D7A97D /* LaunchScreen.storyboard in Resources */,
				28FFB17025CA7F9B00D7A97D /* Assets.xcassets in Resources */,
				28FFB16E25CA7F9800D7A97D /* Main.storyboard in Resources */,
			);
			runOnlyForDeploymentPostprocessing = 0;
		};
/* End PBXResourcesBuildPhase section */

/* Begin PBXSourcesBuildPhase section */
		28FFB15F25CA7F9700D7A97D /* Sources */ = {
			isa = PBXSourcesBuildPhase;
			buildActionMask = 2147483647;
			files = (
				28FFB16B25CA7F9700D7A97D /* ViewController.swift in Sources */,
				28FFB16725CA7F9700D7A97D /* AppDelegate.swift in Sources */,
				28FFB16925CA7F9700D7A97D /* SceneDelegate.swift in Sources */,
			);
			runOnlyForDeploymentPostprocessing = 0;
		};
/* End PBXSourcesBuildPhase section */

/* Begin PBXVariantGroup section */
		28FFB16C25CA7F9800D7A97D /* Main.storyboard */ = {
			isa = PBXVariantGroup;
			children = (
				28FFB16D25CA7F9800D7A97D /* Base */,
			);
			name = Main.storyboard;
			sourceTree = "<group>";
		};
		28FFB17125CA7F9B00D7A97D /* LaunchScreen.storyboard */ = {
			isa = PBXVariantGroup;
			children = (
				28FFB17225CA7F9B00D7A97D /* Base */,
			);
			name = LaunchScreen.storyboard;
			sourceTree = "<group>";
		};
/* End PBXVariantGroup section */

/* Begin XCBuildConfiguration section */
		28FFB17525CA7F9C00D7A97D /* Debug */ = {
			isa = XCBuildConfiguration;
			buildSettings = {
				ALWAYS_SEARCH_USER_PATHS = NO;
				CLANG_ANALYZER_NONNULL = YES;
				CLANG_ANALYZER_NUMBER_OBJECT_CONVERSION = YES_AGGRESSIVE;
				CLANG_CXX_LANGUAGE_STANDARD = "gnu++14";
				CLANG_CXX_LIBRARY = "libc++";
				CLANG_ENABLE_MODULES = YES;
				CLANG_ENABLE_OBJC_ARC = YES;
				CLANG_ENABLE_OBJC_WEAK = YES;
				CLANG_WARN_BLOCK_CAPTURE_AUTORELEASING = YES;
				CLANG_WARN_BOOL_CONVERSION = YES;
				CLANG_WARN_COMMA = YES;
				CLANG_WARN_CONSTANT_CONVERSION = YES;
				CLANG_WARN_DEPRECATED_OBJC_IMPLEMENTATIONS = YES;
				CLANG_WARN_DIRECT_OBJC_ISA_USAGE = YES_ERROR;
				CLANG_WARN_DOCUMENTATION_COMMENTS = YES;
				CLANG_WARN_EMPTY_BODY = YES;
				CLANG_WARN_ENUM_CONVERSION = YES;
				CLANG_WARN_INFINITE_RECURSION = YES;
				CLANG_WARN_INT_CONVERSION = YES;
				CLANG_WARN_NON_LITERAL_NULL_CONVERSION = YES;
				CLANG_WARN_OBJC_IMPLICIT_RETAIN_SELF = YES;
				CLANG_WARN_OBJC_LITERAL_CONVERSION = YES;
				CLANG_WARN_OBJC_ROOT_CLASS = YES_ERROR;
				CLANG_WARN_QUOTED_INCLUDE_IN_FRAMEWORK_HEADER = YES;
				CLANG_WARN_RANGE_LOOP_ANALYSIS = YES;
				CLANG_WARN_STRICT_PROTOTYPES = YES;
				CLANG_WARN_SUSPICIOUS_MOVE = YES;
				CLANG_WARN_UNGUARDED_AVAILABILITY = YES_AGGRESSIVE;
				CLANG_WARN_UNREACHABLE_CODE = YES;
				CLANG_WARN__DUPLICATE_METHOD_MATCH = YES;
				COPY_PHASE_STRIP = NO;
				DEBUG_INFORMATION_FORMAT = dwarf;
				ENABLE_STRICT_OBJC_MSGSEND = YES;
				ENABLE_TESTABILITY = YES;
				GCC_C_LANGUAGE_STANDARD = gnu11;
				GCC_DYNAMIC_NO_PIC = NO;
				GCC_NO_COMMON_BLOCKS = YES;
				GCC_OPTIMIZATION_LEVEL = 0;
				GCC_PREPROCESSOR_DEFINITIONS = (
					"DEBUG=1",
					"$(inherited)",
				);
				GCC_WARN_64_TO_32_BIT_CONVERSION = YES;
				GCC_WARN_ABOUT_RETURN_TYPE = YES_ERROR;
				GCC_WARN_UNDECLARED_SELECTOR = YES;
				GCC_WARN_UNINITIALIZED_AUTOS = YES_AGGRESSIVE;
				GCC_WARN_UNUSED_FUNCTION = YES;
				GCC_WARN_UNUSED_VARIABLE = YES;
				IPHONEOS_DEPLOYMENT_TARGET = 14.4;
				MTL_ENABLE_DEBUG_INFO = INCLUDE_SOURCE;
				MTL_FAST_MATH = YES;
				ONLY_ACTIVE_ARCH = YES;
				SDKROOT = iphoneos;
				SWIFT_ACTIVE_COMPILATION_CONDITIONS = DEBUG;
				SWIFT_OPTIMIZATION_LEVEL = "-Onone";
			};
			name = Debug;
		};
		28FFB17625CA7F9C00D7A97D /* Release */ = {
			isa = XCBuildConfiguration;
			buildSettings = {
				ALWAYS_SEARCH_USER_PATHS = NO;
				CLANG_ANALYZER_NONNULL = YES;
				CLANG_ANALYZER_NUMBER_OBJECT_CONVERSION = YES_AGGRESSIVE;
				CLANG_CXX_LANGUAGE_STANDARD = "gnu++14";
				CLANG_CXX_LIBRARY = "libc++";
				CLANG_ENABLE_MODULES = YES;
				CLANG_ENABLE_OBJC_ARC = YES;
				CLANG_ENABLE_OBJC_WEAK = YES;
				CLANG_WARN_BLOCK_CAPTURE_AUTORELEASING = YES;
				CLANG_WARN_BOOL_CONVERSION = YES;
				CLANG_WARN_COMMA = YES;
				CLANG_WARN_CONSTANT_CONVERSION = YES;
				CLANG_WARN_DEPRECATED_OBJC_IMPLEMENTATIONS = YES;
				CLANG_WARN_DIRECT_OBJC_ISA_USAGE = YES_ERROR;
				CLANG_WARN_DOCUMENTATION_COMMENTS = YES;
				CLANG_WARN_EMPTY_BODY = YES;
				CLANG_WARN_ENUM_CONVERSION = YES;
				CLANG_WARN_INFINITE_RECURSION = YES;
				CLANG_WARN_INT_CONVERSION = YES;
				CLANG_WARN_NON_LITERAL_NULL_CONVERSION = YES;
				CLANG_WARN_OBJC_IMPLICIT_RETAIN_SELF = YES;
				CLANG_WARN_OBJC_LITERAL_CONVERSION = YES;
				CLANG_WARN_OBJC_ROOT_CLASS = YES_ERROR;
				CLANG_WARN_QUOTED_INCLUDE_IN_FRAMEWORK_HEADER = YES;
				CLANG_WARN_RANGE_LOOP_ANALYSIS = YES;
				CLANG_WARN_STRICT_PROTOTYPES = YES;
				CLANG_WARN_SUSPICIOUS_MOVE = YES;
				CLANG_WARN_UNGUARDED_AVAILABILITY = YES_AGGRESSIVE;
				CLANG_WARN_UNREACHABLE_CODE = YES;
				CLANG_WARN__DUPLICATE_METHOD_MATCH = YES;
				COPY_PHASE_STRIP = NO;
				DEBUG_INFORMATION_FORMAT = "dwarf-with-dsym";
				ENABLE_NS_ASSERTIONS = NO;
				ENABLE_STRICT_OBJC_MSGSEND = YES;
				GCC_C_LANGUAGE_STANDARD = gnu11;
				GCC_NO_COMMON_BLOCKS = YES;
				GCC_WARN_64_TO_32_BIT_CONVERSION = YES;
				GCC_WARN_ABOUT_RETURN_TYPE = YES_ERROR;
				GCC_WARN_UNDECLARED_SELECTOR = YES;
				GCC_WARN_UNINITIALIZED_AUTOS = YES_AGGRESSIVE;
				GCC_WARN_UNUSED_FUNCTION = YES;
				GCC_WARN_UNUSED_VARIABLE = YES;
				IPHONEOS_DEPLOYMENT_TARGET = 14.4;
				MTL_ENABLE_DEBUG_INFO = NO;
				MTL_FAST_MATH = YES;
				SDKROOT = iphoneos;
				SWIFT_COMPILATION_MODE = wholemodule;
				SWIFT_OPTIMIZATION_LEVEL = "-O";
				VALIDATE_PRODUCT = YES;
			};
			name = Release;
		};
		28FFB17825CA7F9C00D7A97D /* Debug */ = {
			isa = XCBuildConfiguration;
			buildSettings = {
				ASSETCATALOG_COMPILER_APPICON_NAME = AppIcon;
				ASSETCATALOG_COMPILER_GLOBAL_ACCENT_COLOR_NAME = AccentColor;
				CODE_SIGN_STYLE = Automatic;
				DEVELOPMENT_TEAM = 3767ZWFMQQ;
				INFOPLIST_FILE = "Quiz_02(Re)/Info.plist";
				IPHONEOS_DEPLOYMENT_TARGET = 14.3;
				LD_RUNPATH_SEARCH_PATHS = (
					"$(inherited)",
					"@executable_path/Frameworks",
				);
				PRODUCT_BUNDLE_IDENTIFIER = "com.swiftlec.Quiz-02-Re-";
				PRODUCT_NAME = "$(TARGET_NAME)";
				SWIFT_VERSION = 5.0;
				TARGETED_DEVICE_FAMILY = 1;
			};
			name = Debug;
		};
		28FFB17925CA7F9C00D7A97D /* Release */ = {
			isa = XCBuildConfiguration;
			buildSettings = {
				ASSETCATALOG_COMPILER_APPICON_NAME = AppIcon;
				ASSETCATALOG_COMPILER_GLOBAL_ACCENT_COLOR_NAME = AccentColor;
				CODE_SIGN_STYLE = Automatic;
				DEVELOPMENT_TEAM = 3767ZWFMQQ;
				INFOPLIST_FILE = "Quiz_02(Re)/Info.plist";
				IPHONEOS_DEPLOYMENT_TARGET = 14.3;
				LD_RUNPATH_SEARCH_PATHS = (
					"$(inherited)",
					"@executable_path/Frameworks",
				);
				PRODUCT_BUNDLE_IDENTIFIER = "com.swiftlec.Quiz-02-Re-";
				PRODUCT_NAME = "$(TARGET_NAME)";
				SWIFT_VERSION = 5.0;
				TARGETED_DEVICE_FAMILY = 1;
			};
			name = Release;
		};
/* End XCBuildConfiguration section */

/* Begin XCConfigurationList section */
		28FFB15E25CA7F9700D7A97D /* Build configuration list for PBXProject "Quiz_02(Re)" */ = {
			isa = XCConfigurationList;
			buildConfigurations = (
				28FFB17525CA7F9C00D7A97D /* Debug */,
				28FFB17625CA7F9C00D7A97D /* Release */,
			);
			defaultConfigurationIsVisible = 0;
			defaultConfigurationName = Release;
		};
		28FFB17725CA7F9C00D7A97D /* Build configuration list for PBXNativeTarget "Quiz_02(Re)" */ = {
			isa = XCConfigurationList;
			buildConfigurations = (
				28FFB17825CA7F9C00D7A97D /* Debug */,
				28FFB17925CA7F9C00D7A97D /* Release */,
			);
			defaultConfigurationIsVisible = 0;
			defaultConfigurationName = Release;
		};
/* End XCConfigurationList section */
	};
	rootObject = 28FFB15B25CA7F9700D7A97D /* Project object */;
}
